{
  "name": "sw365.osiris.webresources",
  "version": "1.0.0",
  "lockfileVersion": 3,
  "requires": true,
  "packages": {
    "": {
      "name": "sw365.osiris.webresources",
      "version": "1.0.0",
      "license": "ISC",
      "devDependencies": {
        "@types/xrm": "^9.0.80",
        "typescript": "^5.3.3"
      }
    },
    "node_modules/@types/xrm": {
      "version": "9.0.80",
      "resolved": "https://registry.npmjs.org/@types/xrm/-/xrm-9.0.80.tgz",
      "integrity": "sha512-a7xtgfyVJAhQMCsnRchYxZzC0ylMFHMxWDUhtNl3SUCBBOkwKh/+Rl7e6cJmexYXTl3QOFlVGRH+pk7hC1qMmw==",
      "dev": true
    },
    "node_modules/typescript": {
      "version": "5.3.3",
      "resolved": "https://registry.npmjs.org/typescript/-/typescript-5.3.3.tgz",
      "integrity": "sha512-pXWcraxM0uxAS+tN0AG/BF2TyqmHO014Z070UsJ+pFvYuRSq8KH8DmWpnbXe0pEPDHXZV3FcAbJkijJ5oNEnWw==",
      "dev": true,
      "bin": {
        "tsc": "bin/tsc",
        "tsserver": "bin/tsserver"
      },
      "engines": {
        "node": ">=14.17"
      }
    }
  }
}
